# This file is machine-generated by `gh actions-lock`.
# Do not edit by hand; run `gh actions-lock` to update.
# Docs: https://gh.io/actions-lockfile
version: 'v0.0.2'
workflows:
    '.github/workflows/go.yml':
        - 'actions/checkout@v7.0.1'
        - 'actions/setup-go@v7.0.0'
        - 'golangci/golangci-lint-action@v9.3.0'
    '.github/workflows/tagpr.yml':
        - 'actions/checkout@v7.0.1'
        - 'actions/setup-go@v7.0.0'
        - 'goreleaser/goreleaser-action@v7.2.3'
        - 'songmu/tagpr@v1.21.1'
dependencies:
    'actions/checkout@v7.0.1':
        ref: 'v7.0.1'
        commit: 'sha1-3d3c42e5aac5ba805825da76410c181273ba90b1'
        owner_id: 44036562
        repo_id: 197814629
    'actions/setup-go@v7.0.0':
        ref: 'v7.0.0'
        commit: 'sha1-b7ad1dad31e06c5925ef5d2fc7ad053ef454303e'
        owner_id: 44036562
        repo_id: 192624594
    'golangci/golangci-lint-action@v9.3.0':
        ref: 'v9.3.0'
        commit: 'sha1-ba0d7d2ec06a0ea1cb5fa41b2e4a3ab91d21278a'
        owner_id: 35628013
        repo_id: 232539879
    'goreleaser/goreleaser-action@v7.2.3':
        ref: 'v7.2.3'
        commit: 'sha1-f06c13b6b1a9625abc9e6e439d9c05a8f2190e94'
        owner_id: 24697112
        repo_id: 209873006
    'songmu/tagpr@v1.21.1':
        ref: 'v1.21.1'
        commit: 'sha1-967f2ab22be958948fb5bd439bfa3d404dd9dee8'
        owner_id: 177122
        repo_id: 524603982
